
Microsoft Visual Studio Solution File, Format Version 12.00
# Visual Studio Version 17
VisualStudioVersion = 17.11.35219.272
MinimumVisualStudioVersion = 10.0.40219.1
Project("{FAE04EC0-301F-11D3-BF4B-00C04F79EFBC}") = "chatApi", "chatApi.csproj", "{0F716665-2378-4F74-9646-D00FADA37F45}"
EndProject
Global
	GlobalSection(SolutionConfigurationPlatforms) = preSolution
		Debug|Any CPU = Debug|Any CPU
		Release|Any CPU = Release|Any CPU
	EndGlobalSection
	GlobalSection(ProjectConfigurationPlatforms) = postSolution
		{0F716665-2378-4F74-9646-D00FADA37F45}.Debug|Any CPU.ActiveCfg = Debug|Any CPU
		{0F716665-2378-4F74-9646-D00FADA37F45}.Debug|Any CPU.Build.0 = Debug|Any CPU
		{0F716665-2378-4F74-9646-D00FADA37F45}.Release|Any CPU.ActiveCfg = Release|Any CPU
		{0F716665-2378-4F74-9646-D00FADA37F45}.Release|Any CPU.Build.0 = Release|Any CPU
	EndGlobalSection
	GlobalSection(SolutionProperties) = preSolution
		HideSolutionNode = FALSE
	EndGlobalSection
	GlobalSection(ExtensibilityGlobals) = postSolution
		SolutionGuid = {5FC6442D-48C0-46AC-9BFB-D5785F2B1C82}
	EndGlobalSection
EndGlobal
